
Microsoft Visual Studio Solution File, Format Version 12.00
# Visual Studio 15
VisualStudioVersion = 15.0.27004.2005
MinimumVisualStudioVersion = 10.0.40219.1
Project("{FAE04EC0-301F-11D3-BF4B-00C04F79EFBC}") = "2ndoParcialCOnsole App", "2ndoParcialCOnsole App\2ndoParcialCOnsole App.csproj", "{8FEBC8FC-5827-42A5-A9F8-756EF8D28493}"
EndProject
Global
	GlobalSection(SolutionConfigurationPlatforms) = preSolution
		Debug|Any CPU = Debug|Any CPU
		Release|Any CPU = Release|Any CPU
	EndGlobalSection
	GlobalSection(ProjectConfigurationPlatforms) = postSolution
		{8FEBC8FC-5827-42A5-A9F8-756EF8D28493}.Debug|Any CPU.ActiveCfg = Debug|Any CPU
		{8FEBC8FC-5827-42A5-A9F8-756EF8D28493}.Debug|Any CPU.Build.0 = Debug|Any CPU
		{8FEBC8FC-5827-42A5-A9F8-756EF8D28493}.Release|Any CPU.ActiveCfg = Release|Any CPU
		{8FEBC8FC-5827-42A5-A9F8-756EF8D28493}.Release|Any CPU.Build.0 = Release|Any CPU
	EndGlobalSection
	GlobalSection(SolutionProperties) = preSolution
		HideSolutionNode = FALSE
	EndGlobalSection
	GlobalSection(ExtensibilityGlobals) = postSolution
		SolutionGuid = {935194D8-6081-4E97-A1EF-42B482EAF9DA}
	EndGlobalSection
EndGlobal
